# THIS IS AN AUTOGENERATED FILE. DO NOT EDIT THIS FILE DIRECTLY.
# yarn lockfile v1


"@types/node@^9.3.0":
  version "9.3.0"
  resolved "https://nexus.swmdigital.io/repository/js-combined/@types/node/-/node-9.3.0.tgz#3a129cda7c4e5df2409702626892cb4b96546dd5"

async-limiter@~1.0.0:
  version "1.0.0"
  resolved "https://nexus.swmdigital.io/repository/js-combined/async-limiter/-/async-limiter-1.0.0.tgz#78faed8c3d074ab81f22b4e985d79e8738f720f8"

debug@^2.1.2:
  version "2.6.9"
  resolved "https://nexus.swmdigital.io/repository/js-combined/debug/-/debug-2.6.9.tgz#5d128515df134ff327e90a4c93f4e077a536341f"
  dependencies:
    ms "2.0.0"

iconv-lite@^0.4.4:
  version "0.4.19"
  resolved "https://nexus.swmdigital.io/repository/js-combined/iconv-lite/-/iconv-lite-0.4.19.tgz#f7468f60135f5e5dad3399c0a81be9a1603a082b"

ms@2.0.0:
  version "2.0.0"
  resolved "https://nexus.swmdigital.io/repository/js-combined/ms/-/ms-2.0.0.tgz#5608aeadfc00be6c2901df5f9861788de0d597c8"

needle@^2.1.0:
  version "2.1.0"
  resolved "https://nexus.swmdigital.io/repository/js-combined/needle/-/needle-2.1.0.tgz#54acebad9cc1a11822cd9ca522fb7c131c583fa4"
  dependencies:
    debug "^2.1.2"
    iconv-lite "^0.4.4"

prettier@^1.10.2:
  version "1.10.2"
  resolved "https://nexus.swmdigital.io/repository/js-combined/prettier/-/prettier-1.10.2.tgz#1af8356d1842276a99a5b5529c82dd9e9ad3cc93"

safe-buffer@~5.1.0:
  version "5.1.1"
  resolved "https://nexus.swmdigital.io/repository/js-combined/safe-buffer/-/safe-buffer-5.1.1.tgz#893312af69b2123def71f57889001671eeb2c853"

slacklib@^1.0.0:
  version "1.0.0"
  resolved "https://nexus.swmdigital.io/repository/js-combined/slacklib/-/slacklib-1.0.0.tgz#74f0f6824eae1bacfcc7c826549c57b1be4d226e"
  dependencies:
    needle "^2.1.0"
    ws "^4.0.0"

typescript@^2.6.2:
  version "2.6.2"
  resolved "https://nexus.swmdigital.io/repository/js-combined/typescript/-/typescript-2.6.2.tgz#3c5b6fd7f6de0914269027f03c0946758f7673a4"

ultron@~1.1.0:
  version "1.1.1"
  resolved "https://nexus.swmdigital.io/repository/js-combined/ultron/-/ultron-1.1.1.tgz#9fe1536a10a664a65266a1e3ccf85fd36302bc9c"

webscaledb@^0.1.6:
  version "0.1.6"
  resolved "https://nexus.swmdigital.io/repository/js-combined/webscaledb/-/webscaledb-0.1.6.tgz#435ecca25d1e3d25bc6deb40d4216cbbc939e191"

ws@^4.0.0:
  version "4.0.0"
  resolved "https://nexus.swmdigital.io/repository/js-combined/ws/-/ws-4.0.0.tgz#bfe1da4c08eeb9780b986e0e4d10eccd7345999f"
  dependencies:
    async-limiter "~1.0.0"
    safe-buffer "~5.1.0"
    ultron "~1.1.0"
